# THIS IS AN AUTOGENERATED FILE. DO NOT EDIT THIS FILE DIRECTLY.
# yarn lockfile v1


node-npm-id_generator@^1.0.0:
  version "1.0.0"
  resolved "https://registry.yarnpkg.com/node-npm-id_generator/-/node-npm-id_generator-1.0.0.tgz#ab44b9fd78177c905790668469fc5dd64859198c"
  integrity sha512-2eDDQYedYXD6iKnoGpa3d7p/UUNUq4Popl5nUGL9NaDeMZBeVaMXkQ+I43EiO9yT1aXZINUEdQfGVLpvSVPRig==
